
Microsoft Visual Studio Solution File, Format Version 12.00
# Visual Studio 15
VisualStudioVersion = 15.0.27004.2002
MinimumVisualStudioVersion = 10.0.40219.1
Project("{FAE04EC0-301F-11D3-BF4B-00C04F79EFBC}") = "CryptoAnalysator", "CryptoAnalysator\CryptoAnalysator.csproj", "{32E85676-5021-4F61-8BE0-549BBC1BBFF3}"
EndProject
Global
	GlobalSection(SolutionConfigurationPlatforms) = preSolution
		Debug|Any CPU = Debug|Any CPU
		Release|Any CPU = Release|Any CPU
	EndGlobalSection
	GlobalSection(ProjectConfigurationPlatforms) = postSolution
		{32E85676-5021-4F61-8BE0-549BBC1BBFF3}.Debug|Any CPU.ActiveCfg = Debug|Any CPU
		{32E85676-5021-4F61-8BE0-549BBC1BBFF3}.Debug|Any CPU.Build.0 = Debug|Any CPU
		{32E85676-5021-4F61-8BE0-549BBC1BBFF3}.Release|Any CPU.ActiveCfg = Release|Any CPU
		{32E85676-5021-4F61-8BE0-549BBC1BBFF3}.Release|Any CPU.Build.0 = Release|Any CPU
	EndGlobalSection
	GlobalSection(SolutionProperties) = preSolution
		HideSolutionNode = FALSE
	EndGlobalSection
	GlobalSection(ExtensibilityGlobals) = postSolution
		SolutionGuid = {5E48AD66-83C9-435C-81EC-769E4ADC88A7}
	EndGlobalSection
EndGlobal
